
Microsoft Visual Studio Solution File, Format Version 12.00
# Visual Studio 15
Project("{FAE04EC0-301F-11D3-BF4B-00C04F79EFBC}") = "Assembly-CSharp", "Assembly-CSharp.csproj", "{D767D096-4CA5-44B0-7AA6-8CDDC29A8A2F}"
EndProject
Project("{FAE04EC0-301F-11D3-BF4B-00C04F79EFBC}") = "Assembly-CSharp", "Assembly-CSharp.Player.csproj", "{69A0432D-14DB-83D1-BEDD-825CA882AD24}"
EndProject
Global
	GlobalSection(SolutionConfigurationPlatforms) = preSolution
		Debug|Any CPU = Debug|Any CPU
		Release|Any CPU = Release|Any CPU
	EndGlobalSection
	GlobalSection(ProjectConfigurationPlatforms) = postSolution
		{D767D096-4CA5-44B0-7AA6-8CDDC29A8A2F}.Debug|Any CPU.ActiveCfg = Debug|Any CPU
		{D767D096-4CA5-44B0-7AA6-8CDDC29A8A2F}.Debug|Any CPU.Build.0 = Debug|Any CPU
		{D767D096-4CA5-44B0-7AA6-8CDDC29A8A2F}.Release|Any CPU.ActiveCfg = Release|Any CPU
		{D767D096-4CA5-44B0-7AA6-8CDDC29A8A2F}.Release|Any CPU.Build.0 = Release|Any CPU
		{69A0432D-14DB-83D1-BEDD-825CA882AD24}.Debug|Any CPU.ActiveCfg = Debug|Any CPU
		{69A0432D-14DB-83D1-BEDD-825CA882AD24}.Debug|Any CPU.Build.0 = Debug|Any CPU
		{69A0432D-14DB-83D1-BEDD-825CA882AD24}.Release|Any CPU.ActiveCfg = Release|Any CPU
		{69A0432D-14DB-83D1-BEDD-825CA882AD24}.Release|Any CPU.Build.0 = Release|Any CPU
	EndGlobalSection
	GlobalSection(SolutionProperties) = preSolution
		HideSolutionNode = FALSE
	EndGlobalSection
EndGlobal
